
Microsoft Visual Studio Solution File, Format Version 12.00
# Visual Studio Version 17
VisualStudioVersion = 17.5.33530.505
MinimumVisualStudioVersion = 10.0.40219.1
Project("{FAE04EC0-301F-11D3-BF4B-00C04F79EFBC}") = "Monte_Karlo", "Monte_Karlo\Monte_Karlo.csproj", "{86D12A4A-9725-4DDE-A33A-0ED13B007943}"
EndProject
Global
	GlobalSection(SolutionConfigurationPlatforms) = preSolution
		Debug|Any CPU = Debug|Any CPU
		Release|Any CPU = Release|Any CPU
	EndGlobalSection
	GlobalSection(ProjectConfigurationPlatforms) = postSolution
		{86D12A4A-9725-4DDE-A33A-0ED13B007943}.Debug|Any CPU.ActiveCfg = Debug|Any CPU
		{86D12A4A-9725-4DDE-A33A-0ED13B007943}.Debug|Any CPU.Build.0 = Debug|Any CPU
		{86D12A4A-9725-4DDE-A33A-0ED13B007943}.Release|Any CPU.ActiveCfg = Release|Any CPU
		{86D12A4A-9725-4DDE-A33A-0ED13B007943}.Release|Any CPU.Build.0 = Release|Any CPU
	EndGlobalSection
	GlobalSection(SolutionProperties) = preSolution
		HideSolutionNode = FALSE
	EndGlobalSection
	GlobalSection(ExtensibilityGlobals) = postSolution
		SolutionGuid = {C6323C77-BB6C-4357-817F-DF2762B9AF25}
	EndGlobalSection
EndGlobal
